
Microsoft Visual Studio Solution File, Format Version 12.00
# Visual Studio 2013
VisualStudioVersion = 12.0.21005.1
MinimumVisualStudioVersion = 10.0.40219.1
Project("{2150E333-8FDC-42A3-9474-1A3956D46DE8}") = "01. Clients", "01. Clients", "{01A32708-E757-4D36-88F0-5021E732CCA0}"
EndProject
Project("{FAE04EC0-301F-11D3-BF4B-00C04F79EFBC}") = "MyCompany.Visitors.Client", "SharedCode\MyCompany.Visitors.Client\MyCompany.Visitors.Client.csproj", "{DEF833F3-4D83-494A-848F-A700B3AD933C}"
EndProject
Project("{FAE04EC0-301F-11D3-BF4B-00C04F79EFBC}") = "MyCompany.Visitors.Client.iOS", "MyCompany.Visitors.Client.iOS\MyCompany.Visitors.Client.iOS.csproj", "{E473AB4E-2896-4637-B81E-4078483E3885}"
EndProject
Project("{FAE04EC0-301F-11D3-BF4B-00C04F79EFBC}") = "MyCompany.Visitors.Client.Droid", "MyCompany.Visitors.Client.Droid\MyCompany.Visitors.Client.Droid.csproj", "{CD135851-5E6F-4521-AA33-E9D8C62995FC}"
EndProject
Global
	GlobalSection(SolutionConfigurationPlatforms) = preSolution
		Ad-Hoc|Any CPU = Ad-Hoc|Any CPU
		Ad-Hoc|ARM = Ad-Hoc|ARM
		Ad-Hoc|iPhone = Ad-Hoc|iPhone
		Ad-Hoc|iPhoneSimulator = Ad-Hoc|iPhoneSimulator
		Ad-Hoc|x64 = Ad-Hoc|x64
		Ad-Hoc|x86 = Ad-Hoc|x86
		AppStore|Any CPU = AppStore|Any CPU
		AppStore|ARM = AppStore|ARM
		AppStore|iPhone = AppStore|iPhone
		AppStore|iPhoneSimulator = AppStore|iPhoneSimulator
		AppStore|x64 = AppStore|x64
		AppStore|x86 = AppStore|x86
		Debug|Any CPU = Debug|Any CPU
		Debug|ARM = Debug|ARM
		Debug|iPhone = Debug|iPhone
		Debug|iPhoneSimulator = Debug|iPhoneSimulator
		Debug|x64 = Debug|x64
		Debug|x86 = Debug|x86
		DebugCD|Any CPU = DebugCD|Any CPU
		DebugCD|ARM = DebugCD|ARM
		DebugCD|iPhone = DebugCD|iPhone
		DebugCD|iPhoneSimulator = DebugCD|iPhoneSimulator
		DebugCD|x64 = DebugCD|x64
		DebugCD|x86 = DebugCD|x86
		Release_LocalDeployment|Any CPU = Release_LocalDeployment|Any CPU
		Release_LocalDeployment|ARM = Release_LocalDeployment|ARM
		Release_LocalDeployment|iPhone = Release_LocalDeployment|iPhone
		Release_LocalDeployment|iPhoneSimulator = Release_LocalDeployment|iPhoneSimulator
		Release_LocalDeployment|x64 = Release_LocalDeployment|x64
		Release_LocalDeployment|x86 = Release_LocalDeployment|x86
		Release|Any CPU = Release|Any CPU
		Release|ARM = Release|ARM
		Release|iPhone = Release|iPhone
		Release|iPhoneSimulator = Release|iPhoneSimulator
		Release|x64 = Release|x64
		Release|x86 = Release|x86
	EndGlobalSection
	GlobalSection(ProjectConfigurationPlatforms) = postSolution
		{DEF833F3-4D83-494A-848F-A700B3AD933C}.Ad-Hoc|Any CPU.ActiveCfg = Release|Any CPU
		{DEF833F3-4D83-494A-848F-A700B3AD933C}.Ad-Hoc|Any CPU.Build.0 = Release|Any CPU
		{DEF833F3-4D83-494A-848F-A700B3AD933C}.Ad-Hoc|ARM.ActiveCfg = Release|Any CPU
		{DEF833F3-4D83-494A-848F-A700B3AD933C}.Ad-Hoc|iPhone.ActiveCfg = Debug|Any CPU
		{DEF833F3-4D83-494A-848F-A700B3AD933C}.Ad-Hoc|iPhone.Build.0 = Debug|Any CPU
		{DEF833F3-4D83-494A-848F-A700B3AD933C}.Ad-Hoc|iPhoneSimulator.ActiveCfg = Release|Any CPU
		{DEF833F3-4D83-494A-848F-A700B3AD933C}.Ad-Hoc|x64.ActiveCfg = Release|Any CPU
		{DEF833F3-4D83-494A-848F-A700B3AD933C}.Ad-Hoc|x86.ActiveCfg = Release|Any CPU
		{DEF833F3-4D83-494A-848F-A700B3AD933C}.AppStore|Any CPU.ActiveCfg = Release|Any CPU
		{DEF833F3-4D83-494A-848F-A700B3AD933C}.AppStore|Any CPU.Build.0 = Release|Any CPU
		{DEF833F3-4D83-494A-848F-A700B3AD933C}.AppStore|ARM.ActiveCfg = Release|Any CPU
		{DEF833F3-4D83-494A-848F-A700B3AD933C}.AppStore|iPhone.ActiveCfg = Debug|Any CPU
		{DEF833F3-4D83-494A-848F-A700B3AD933C}.AppStore|iPhone.Build.0 = Debug|Any CPU
		{DEF833F3-4D83-494A-848F-A700B3AD933C}.AppStore|iPhoneSimulator.ActiveCfg = Release|Any CPU
		{DEF833F3-4D83-494A-848F-A700B3AD933C}.AppStore|x64.ActiveCfg = Release|Any CPU
		{DEF833F3-4D83-494A-848F-A700B3AD933C}.AppStore|x86.ActiveCfg = Release|Any CPU
		{DEF833F3-4D83-494A-848F-A700B3AD933C}.Debug|Any CPU.ActiveCfg = Debug|Any CPU
		{DEF833F3-4D83-494A-848F-A700B3AD933C}.Debug|Any CPU.Build.0 = Debug|Any CPU
		{DEF833F3-4D83-494A-848F-A700B3AD933C}.Debug|ARM.ActiveCfg = Debug|Any CPU
		{DEF833F3-4D83-494A-848F-A700B3AD933C}.Debug|ARM.Build.0 = Debug|Any CPU
		{DEF833F3-4D83-494A-848F-A700B3AD933C}.Debug|iPhone.ActiveCfg = Debug|Any CPU
		{DEF833F3-4D83-494A-848F-A700B3AD933C}.Debug|iPhone.Build.0 = Debug|Any CPU
		{DEF833F3-4D83-494A-848F-A700B3AD933C}.Debug|iPhoneSimulator.ActiveCfg = Debug|Any CPU
		{DEF833F3-4D83-494A-848F-A700B3AD933C}.Debug|iPhoneSimulator.Build.0 = Debug|Any CPU
		{DEF833F3-4D83-494A-848F-A700B3AD933C}.Debug|x64.ActiveCfg = Debug|Any CPU
		{DEF833F3-4D83-494A-848F-A700B3AD933C}.Debug|x64.Build.0 = Debug|Any CPU
		{DEF833F3-4D83-494A-848F-A700B3AD933C}.Debug|x86.ActiveCfg = Debug|Any CPU
		{DEF833F3-4D83-494A-848F-A700B3AD933C}.Debug|x86.Build.0 = Debug|Any CPU
		{DEF833F3-4D83-494A-848F-A700B3AD933C}.DebugCD|Any CPU.ActiveCfg = DebugCD|Any CPU
		{DEF833F3-4D83-494A-848F-A700B3AD933C}.DebugCD|Any CPU.Build.0 = DebugCD|Any CPU
		{DEF833F3-4D83-494A-848F-A700B3AD933C}.DebugCD|ARM.ActiveCfg = DebugCD|Any CPU
		{DEF833F3-4D83-494A-848F-A700B3AD933C}.DebugCD|ARM.Build.0 = DebugCD|Any CPU
		{DEF833F3-4D83-494A-848F-A700B3AD933C}.DebugCD|iPhone.ActiveCfg = DebugCD|Any CPU
		{DEF833F3-4D83-494A-848F-A700B3AD933C}.DebugCD|iPhoneSimulator.ActiveCfg = DebugCD|Any CPU
		{DEF833F3-4D83-494A-848F-A700B3AD933C}.DebugCD|x64.ActiveCfg = DebugCD|Any CPU
		{DEF833F3-4D83-494A-848F-A700B3AD933C}.DebugCD|x64.Build.0 = DebugCD|Any CPU
		{DEF833F3-4D83-494A-848F-A700B3AD933C}.DebugCD|x86.ActiveCfg = DebugCD|Any CPU
		{DEF833F3-4D83-494A-848F-A700B3AD933C}.DebugCD|x86.Build.0 = DebugCD|Any CPU
		{DEF833F3-4D83-494A-848F-A700B3AD933C}.Release_LocalDeployment|Any CPU.ActiveCfg = Release_LocalDeployment|Any CPU
		{DEF833F3-4D83-494A-848F-A700B3AD933C}.Release_LocalDeployment|Any CPU.Build.0 = Release_LocalDeployment|Any CPU
		{DEF833F3-4D83-494A-848F-A700B3AD933C}.Release_LocalDeployment|ARM.ActiveCfg = Release_LocalDeployment|Any CPU
		{DEF833F3-4D83-494A-848F-A700B3AD933C}.Release_LocalDeployment|ARM.Build.0 = Release_LocalDeployment|Any CPU
		{DEF833F3-4D83-494A-848F-A700B3AD933C}.Release_LocalDeployment|iPhone.ActiveCfg = Release_LocalDeployment|Any CPU
		{DEF833F3-4D83-494A-848F-A700B3AD933C}.Release_LocalDeployment|iPhoneSimulator.ActiveCfg = Release_LocalDeployment|Any CPU
		{DEF833F3-4D83-494A-848F-A700B3AD933C}.Release_LocalDeployment|x64.ActiveCfg = Release_LocalDeployment|Any CPU
		{DEF833F3-4D83-494A-848F-A700B3AD933C}.Release_LocalDeployment|x64.Build.0 = Release_LocalDeployment|Any CPU
		{DEF833F3-4D83-494A-848F-A700B3AD933C}.Release_LocalDeployment|x86.ActiveCfg = Release_LocalDeployment|Any CPU
		{DEF833F3-4D83-494A-848F-A700B3AD933C}.Release_LocalDeployment|x86.Build.0 = Release_LocalDeployment|Any CPU
		{DEF833F3-4D83-494A-848F-A700B3AD933C}.Release|Any CPU.ActiveCfg = Release|Any CPU
		{DEF833F3-4D83-494A-848F-A700B3AD933C}.Release|Any CPU.Build.0 = Release|Any CPU
		{DEF833F3-4D83-494A-848F-A700B3AD933C}.Release|ARM.ActiveCfg = Release|Any CPU
		{DEF833F3-4D83-494A-848F-A700B3AD933C}.Release|ARM.Build.0 = Release|Any CPU
		{DEF833F3-4D83-494A-848F-A700B3AD933C}.Release|iPhone.ActiveCfg = Release|Any CPU
		{DEF833F3-4D83-494A-848F-A700B3AD933C}.Release|iPhone.Build.0 = Release|Any CPU
		{DEF833F3-4D83-494A-848F-A700B3AD933C}.Release|iPhoneSimulator.ActiveCfg = Release|Any CPU
		{DEF833F3-4D83-494A-848F-A700B3AD933C}.Release|iPhoneSimulator.Build.0 = Release|Any CPU
		{DEF833F3-4D83-494A-848F-A700B3AD933C}.Release|x64.ActiveCfg = Release|Any CPU
		{DEF833F3-4D83-494A-848F-A700B3AD933C}.Release|x64.Build.0 = Release|Any CPU
		{DEF833F3-4D83-494A-848F-A700B3AD933C}.Release|x86.ActiveCfg = Release|Any CPU
		{DEF833F3-4D83-494A-848F-A700B3AD933C}.Release|x86.Build.0 = Release|Any CPU
		{E473AB4E-2896-4637-B81E-4078483E3885}.Ad-Hoc|Any CPU.ActiveCfg = Ad-Hoc|iPhoneSimulator
		{E473AB4E-2896-4637-B81E-4078483E3885}.Ad-Hoc|ARM.ActiveCfg = Ad-Hoc|iPhoneSimulator
		{E473AB4E-2896-4637-B81E-4078483E3885}.Ad-Hoc|iPhone.ActiveCfg = Ad-Hoc|iPhone
		{E473AB4E-2896-4637-B81E-4078483E3885}.Ad-Hoc|iPhone.Build.0 = Ad-Hoc|iPhone
		{E473AB4E-2896-4637-B81E-4078483E3885}.Ad-Hoc|iPhoneSimulator.ActiveCfg = Ad-Hoc|iPhoneSimulator
		{E473AB4E-2896-4637-B81E-4078483E3885}.Ad-Hoc|iPhoneSimulator.Build.0 = Ad-Hoc|iPhoneSimulator
		{E473AB4E-2896-4637-B81E-4078483E3885}.Ad-Hoc|x64.ActiveCfg = Ad-Hoc|iPhoneSimulator
		{E473AB4E-2896-4637-B81E-4078483E3885}.Ad-Hoc|x86.ActiveCfg = Ad-Hoc|iPhoneSimulator
		{E473AB4E-2896-4637-B81E-4078483E3885}.AppStore|Any CPU.ActiveCfg = AppStore|iPhoneSimulator
		{E473AB4E-2896-4637-B81E-4078483E3885}.AppStore|ARM.ActiveCfg = AppStore|iPhoneSimulator
		{E473AB4E-2896-4637-B81E-4078483E3885}.AppStore|iPhone.ActiveCfg = AppStore|iPhone
		{E473AB4E-2896-4637-B81E-4078483E3885}.AppStore|iPhone.Build.0 = AppStore|iPhone
		{E473AB4E-2896-4637-B81E-4078483E3885}.AppStore|iPhoneSimulator.ActiveCfg = AppStore|iPhoneSimulator
		{E473AB4E-2896-4637-B81E-4078483E3885}.AppStore|iPhoneSimulator.Build.0 = AppStore|iPhoneSimulator
		{E473AB4E-2896-4637-B81E-4078483E3885}.AppStore|x64.ActiveCfg = AppStore|iPhoneSimulator
		{E473AB4E-2896-4637-B81E-4078483E3885}.AppStore|x86.ActiveCfg = AppStore|iPhoneSimulator
		{E473AB4E-2896-4637-B81E-4078483E3885}.Debug|Any CPU.ActiveCfg = Debug|iPhoneSimulator
		{E473AB4E-2896-4637-B81E-4078483E3885}.Debug|Any CPU.Build.0 = Debug|iPhoneSimulator
		{E473AB4E-2896-4637-B81E-4078483E3885}.Debug|ARM.ActiveCfg = Debug|iPhoneSimulator
		{E473AB4E-2896-4637-B81E-4078483E3885}.Debug|ARM.Build.0 = Debug|iPhoneSimulator
		{E473AB4E-2896-4637-B81E-4078483E3885}.Debug|iPhone.ActiveCfg = Debug|iPhone
		{E473AB4E-2896-4637-B81E-4078483E3885}.Debug|iPhone.Build.0 = Debug|iPhone
		{E473AB4E-2896-4637-B81E-4078483E3885}.Debug|iPhone.Deploy.0 = Debug|iPhone
		{E473AB4E-2896-4637-B81E-4078483E3885}.Debug|iPhoneSimulator.ActiveCfg = Debug|iPhoneSimulator
		{E473AB4E-2896-4637-B81E-4078483E3885}.Debug|iPhoneSimulator.Build.0 = Debug|iPhoneSimulator
		{E473AB4E-2896-4637-B81E-4078483E3885}.Debug|iPhoneSimulator.Deploy.0 = Debug|iPhoneSimulator
		{E473AB4E-2896-4637-B81E-4078483E3885}.Debug|x64.ActiveCfg = Debug|iPhoneSimulator
		{E473AB4E-2896-4637-B81E-4078483E3885}.Debug|x64.Build.0 = Debug|iPhoneSimulator
		{E473AB4E-2896-4637-B81E-4078483E3885}.Debug|x86.ActiveCfg = Debug|iPhoneSimulator
		{E473AB4E-2896-4637-B81E-4078483E3885}.Debug|x86.Build.0 = Debug|iPhoneSimulator
		{E473AB4E-2896-4637-B81E-4078483E3885}.DebugCD|Any CPU.ActiveCfg = Debug|iPhoneSimulator
		{E473AB4E-2896-4637-B81E-4078483E3885}.DebugCD|Any CPU.Build.0 = Debug|iPhoneSimulator
		{E473AB4E-2896-4637-B81E-4078483E3885}.DebugCD|ARM.ActiveCfg = Debug|iPhoneSimulator
		{E473AB4E-2896-4637-B81E-4078483E3885}.DebugCD|ARM.Build.0 = Debug|iPhoneSimulator
		{E473AB4E-2896-4637-B81E-4078483E3885}.DebugCD|iPhone.ActiveCfg = Debug|iPhone
		{E473AB4E-2896-4637-B81E-4078483E3885}.DebugCD|iPhone.Build.0 = Debug|iPhone
		{E473AB4E-2896-4637-B81E-4078483E3885}.DebugCD|iPhoneSimulator.ActiveCfg = Debug|iPhoneSimulator
		{E473AB4E-2896-4637-B81E-4078483E3885}.DebugCD|iPhoneSimulator.Build.0 = Debug|iPhoneSimulator
		{E473AB4E-2896-4637-B81E-4078483E3885}.DebugCD|x64.ActiveCfg = Debug|iPhoneSimulator
		{E473AB4E-2896-4637-B81E-4078483E3885}.DebugCD|x64.Build.0 = Debug|iPhoneSimulator
		{E473AB4E-2896-4637-B81E-4078483E3885}.DebugCD|x86.ActiveCfg = Debug|iPhoneSimulator
		{E473AB4E-2896-4637-B81E-4078483E3885}.DebugCD|x86.Build.0 = Debug|iPhoneSimulator
		{E473AB4E-2896-4637-B81E-4078483E3885}.Release_LocalDeployment|Any CPU.ActiveCfg = Debug|iPhoneSimulator
		{E473AB4E-2896-4637-B81E-4078483E3885}.Release_LocalDeployment|Any CPU.Build.0 = Debug|iPhoneSimulator
		{E473AB4E-2896-4637-B81E-4078483E3885}.Release_LocalDeployment|ARM.ActiveCfg = Debug|iPhoneSimulator
		{E473AB4E-2896-4637-B81E-4078483E3885}.Release_LocalDeployment|ARM.Build.0 = Debug|iPhoneSimulator
		{E473AB4E-2896-4637-B81E-4078483E3885}.Release_LocalDeployment|iPhone.ActiveCfg = Release|iPhone
		{E473AB4E-2896-4637-B81E-4078483E3885}.Release_LocalDeployment|iPhone.Build.0 = Release|iPhone
		{E473AB4E-2896-4637-B81E-4078483E3885}.Release_LocalDeployment|iPhoneSimulator.ActiveCfg = Release|iPhoneSimulator
		{E473AB4E-2896-4637-B81E-4078483E3885}.Release_LocalDeployment|iPhoneSimulator.Build.0 = Release|iPhoneSimulator
		{E473AB4E-2896-4637-B81E-4078483E3885}.Release_LocalDeployment|x64.ActiveCfg = Debug|iPhoneSimulator
		{E473AB4E-2896-4637-B81E-4078483E3885}.Release_LocalDeployment|x64.Build.0 = Debug|iPhoneSimulator
		{E473AB4E-2896-4637-B81E-4078483E3885}.Release_LocalDeployment|x86.ActiveCfg = Debug|iPhoneSimulator
		{E473AB4E-2896-4637-B81E-4078483E3885}.Release_LocalDeployment|x86.Build.0 = Debug|iPhoneSimulator
		{E473AB4E-2896-4637-B81E-4078483E3885}.Release|Any CPU.ActiveCfg = Release|iPhoneSimulator
		{E473AB4E-2896-4637-B81E-4078483E3885}.Release|Any CPU.Build.0 = Release|iPhoneSimulator
		{E473AB4E-2896-4637-B81E-4078483E3885}.Release|ARM.ActiveCfg = Release|iPhoneSimulator
		{E473AB4E-2896-4637-B81E-4078483E3885}.Release|ARM.Build.0 = Release|iPhoneSimulator
		{E473AB4E-2896-4637-B81E-4078483E3885}.Release|iPhone.ActiveCfg = Release|iPhone
		{E473AB4E-2896-4637-B81E-4078483E3885}.Release|iPhone.Build.0 = Release|iPhone
		{E473AB4E-2896-4637-B81E-4078483E3885}.Release|iPhoneSimulator.ActiveCfg = Release|iPhoneSimulator
		{E473AB4E-2896-4637-B81E-4078483E3885}.Release|iPhoneSimulator.Build.0 = Release|iPhoneSimulator
		{E473AB4E-2896-4637-B81E-4078483E3885}.Release|x64.ActiveCfg = Release|iPhoneSimulator
		{E473AB4E-2896-4637-B81E-4078483E3885}.Release|x64.Build.0 = Release|iPhoneSimulator
		{E473AB4E-2896-4637-B81E-4078483E3885}.Release|x86.ActiveCfg = Release|iPhoneSimulator
		{E473AB4E-2896-4637-B81E-4078483E3885}.Release|x86.Build.0 = Release|iPhoneSimulator
		{CD135851-5E6F-4521-AA33-E9D8C62995FC}.Ad-Hoc|Any CPU.ActiveCfg = Debug|Any CPU
		{CD135851-5E6F-4521-AA33-E9D8C62995FC}.Ad-Hoc|Any CPU.Build.0 = Debug|Any CPU
		{CD135851-5E6F-4521-AA33-E9D8C62995FC}.Ad-Hoc|Any CPU.Deploy.0 = Debug|Any CPU
		{CD135851-5E6F-4521-AA33-E9D8C62995FC}.Ad-Hoc|ARM.ActiveCfg = Debug|Any CPU
		{CD135851-5E6F-4521-AA33-E9D8C62995FC}.Ad-Hoc|iPhone.ActiveCfg = Release|Any CPU
		{CD135851-5E6F-4521-AA33-E9D8C62995FC}.Ad-Hoc|iPhone.Build.0 = Release|Any CPU
		{CD135851-5E6F-4521-AA33-E9D8C62995FC}.Ad-Hoc|iPhoneSimulator.ActiveCfg = Debug|Any CPU
		{CD135851-5E6F-4521-AA33-E9D8C62995FC}.Ad-Hoc|x64.ActiveCfg = Debug|Any CPU
		{CD135851-5E6F-4521-AA33-E9D8C62995FC}.Ad-Hoc|x86.ActiveCfg = Debug|Any CPU
		{CD135851-5E6F-4521-AA33-E9D8C62995FC}.AppStore|Any CPU.ActiveCfg = Debug|Any CPU
		{CD135851-5E6F-4521-AA33-E9D8C62995FC}.AppStore|Any CPU.Build.0 = Debug|Any CPU
		{CD135851-5E6F-4521-AA33-E9D8C62995FC}.AppStore|Any CPU.Deploy.0 = Debug|Any CPU
		{CD135851-5E6F-4521-AA33-E9D8C62995FC}.AppStore|ARM.ActiveCfg = Debug|Any CPU
		{CD135851-5E6F-4521-AA33-E9D8C62995FC}.AppStore|iPhone.ActiveCfg = Release|Any CPU
		{CD135851-5E6F-4521-AA33-E9D8C62995FC}.AppStore|iPhone.Build.0 = Release|Any CPU
		{CD135851-5E6F-4521-AA33-E9D8C62995FC}.AppStore|iPhoneSimulator.ActiveCfg = Debug|Any CPU
		{CD135851-5E6F-4521-AA33-E9D8C62995FC}.AppStore|x64.ActiveCfg = Debug|Any CPU
		{CD135851-5E6F-4521-AA33-E9D8C62995FC}.AppStore|x86.ActiveCfg = Debug|Any CPU
		{CD135851-5E6F-4521-AA33-E9D8C62995FC}.Debug|Any CPU.ActiveCfg = Debug|Any CPU
		{CD135851-5E6F-4521-AA33-E9D8C62995FC}.Debug|Any CPU.Build.0 = Debug|Any CPU
		{CD135851-5E6F-4521-AA33-E9D8C62995FC}.Debug|Any CPU.Deploy.0 = Debug|Any CPU
		{CD135851-5E6F-4521-AA33-E9D8C62995FC}.Debug|ARM.ActiveCfg = Debug|Any CPU
		{CD135851-5E6F-4521-AA33-E9D8C62995FC}.Debug|ARM.Build.0 = Debug|Any CPU
		{CD135851-5E6F-4521-AA33-E9D8C62995FC}.Debug|iPhone.ActiveCfg = Debug|Any CPU
		{CD135851-5E6F-4521-AA33-E9D8C62995FC}.Debug|iPhone.Build.0 = Debug|Any CPU
		{CD135851-5E6F-4521-AA33-E9D8C62995FC}.Debug|iPhoneSimulator.ActiveCfg = Debug|Any CPU
		{CD135851-5E6F-4521-AA33-E9D8C62995FC}.Debug|iPhoneSimulator.Build.0 = Debug|Any CPU
		{CD135851-5E6F-4521-AA33-E9D8C62995FC}.Debug|x64.ActiveCfg = Debug|Any CPU
		{CD135851-5E6F-4521-AA33-E9D8C62995FC}.Debug|x64.Build.0 = Debug|Any CPU
		{CD135851-5E6F-4521-AA33-E9D8C62995FC}.Debug|x86.ActiveCfg = Debug|Any CPU
		{CD135851-5E6F-4521-AA33-E9D8C62995FC}.Debug|x86.Build.0 = Debug|Any CPU
		{CD135851-5E6F-4521-AA33-E9D8C62995FC}.DebugCD|Any CPU.ActiveCfg = Debug|Any CPU
		{CD135851-5E6F-4521-AA33-E9D8C62995FC}.DebugCD|Any CPU.Build.0 = Debug|Any CPU
		{CD135851-5E6F-4521-AA33-E9D8C62995FC}.DebugCD|ARM.ActiveCfg = Debug|Any CPU
		{CD135851-5E6F-4521-AA33-E9D8C62995FC}.DebugCD|ARM.Build.0 = Debug|Any CPU
		{CD135851-5E6F-4521-AA33-E9D8C62995FC}.DebugCD|iPhone.ActiveCfg = Debug|Any CPU
		{CD135851-5E6F-4521-AA33-E9D8C62995FC}.DebugCD|iPhoneSimulator.ActiveCfg = Debug|Any CPU
		{CD135851-5E6F-4521-AA33-E9D8C62995FC}.DebugCD|x64.ActiveCfg = Debug|Any CPU
		{CD135851-5E6F-4521-AA33-E9D8C62995FC}.DebugCD|x64.Build.0 = Debug|Any CPU
		{CD135851-5E6F-4521-AA33-E9D8C62995FC}.DebugCD|x86.ActiveCfg = Debug|Any CPU
		{CD135851-5E6F-4521-AA33-E9D8C62995FC}.DebugCD|x86.Build.0 = Debug|Any CPU
		{CD135851-5E6F-4521-AA33-E9D8C62995FC}.Release_LocalDeployment|Any CPU.ActiveCfg = Debug|Any CPU
		{CD135851-5E6F-4521-AA33-E9D8C62995FC}.Release_LocalDeployment|Any CPU.Build.0 = Debug|Any CPU
		{CD135851-5E6F-4521-AA33-E9D8C62995FC}.Release_LocalDeployment|ARM.ActiveCfg = Debug|Any CPU
		{CD135851-5E6F-4521-AA33-E9D8C62995FC}.Release_LocalDeployment|ARM.Build.0 = Debug|Any CPU
		{CD135851-5E6F-4521-AA33-E9D8C62995FC}.Release_LocalDeployment|iPhone.ActiveCfg = Release|Any CPU
		{CD135851-5E6F-4521-AA33-E9D8C62995FC}.Release_LocalDeployment|iPhoneSimulator.ActiveCfg = Release|Any CPU
		{CD135851-5E6F-4521-AA33-E9D8C62995FC}.Release_LocalDeployment|x64.ActiveCfg = Debug|Any CPU
		{CD135851-5E6F-4521-AA33-E9D8C62995FC}.Release_LocalDeployment|x64.Build.0 = Debug|Any CPU
		{CD135851-5E6F-4521-AA33-E9D8C62995FC}.Release_LocalDeployment|x86.ActiveCfg = Debug|Any CPU
		{CD135851-5E6F-4521-AA33-E9D8C62995FC}.Release_LocalDeployment|x86.Build.0 = Debug|Any CPU
		{CD135851-5E6F-4521-AA33-E9D8C62995FC}.Release|Any CPU.ActiveCfg = Release|Any CPU
		{CD135851-5E6F-4521-AA33-E9D8C62995FC}.Release|Any CPU.Build.0 = Release|Any CPU
		{CD135851-5E6F-4521-AA33-E9D8C62995FC}.Release|ARM.ActiveCfg = Release|Any CPU
		{CD135851-5E6F-4521-AA33-E9D8C62995FC}.Release|ARM.Build.0 = Release|Any CPU
		{CD135851-5E6F-4521-AA33-E9D8C62995FC}.Release|iPhone.ActiveCfg = Release|Any CPU
		{CD135851-5E6F-4521-AA33-E9D8C62995FC}.Release|iPhone.Build.0 = Release|Any CPU
		{CD135851-5E6F-4521-AA33-E9D8C62995FC}.Release|iPhoneSimulator.ActiveCfg = Release|Any CPU
		{CD135851-5E6F-4521-AA33-E9D8C62995FC}.Release|iPhoneSimulator.Build.0 = Release|Any CPU
		{CD135851-5E6F-4521-AA33-E9D8C62995FC}.Release|x64.ActiveCfg = Release|Any CPU
		{CD135851-5E6F-4521-AA33-E9D8C62995FC}.Release|x64.Build.0 = Release|Any CPU
		{CD135851-5E6F-4521-AA33-E9D8C62995FC}.Release|x86.ActiveCfg = Release|Any CPU
		{CD135851-5E6F-4521-AA33-E9D8C62995FC}.Release|x86.Build.0 = Release|Any CPU
	EndGlobalSection
	GlobalSection(SolutionProperties) = preSolution
		HideSolutionNode = FALSE
	EndGlobalSection
	GlobalSection(NestedProjects) = preSolution
		{DEF833F3-4D83-494A-848F-A700B3AD933C} = {01A32708-E757-4D36-88F0-5021E732CCA0}
		{E473AB4E-2896-4637-B81E-4078483E3885} = {01A32708-E757-4D36-88F0-5021E732CCA0}
		{CD135851-5E6F-4521-AA33-E9D8C62995FC} = {01A32708-E757-4D36-88F0-5021E732CCA0}
	EndGlobalSection
	GlobalSection(ExtensibilityGlobals) = postSolution
		EnterpriseLibraryConfigurationToolBinariesPath = packages\Unity.2.1.505.2\lib\NET35
	EndGlobalSection
	GlobalSection(MonoDevelopProperties) = preSolution
		StartupItem = MyCompany.Visitors.Client.Droid\MyCompany.Visitors.Client.Droid.csproj
	EndGlobalSection
EndGlobal
